
Microsoft Visual Studio Solution File, Format Version 11.00
# Visual Studio 2010
Project("{FAE04EC0-301F-11D3-BF4B-00C04F79EFBC}") = "VSPC.Core", "VSPC.Core\VSPC.Core.csproj", "{0850F789-0671-4C7A-BF77-99197DAC1979}"
EndProject
Project("{FAE04EC0-301F-11D3-BF4B-00C04F79EFBC}") = "VSPC.Core.Test", "VSPC.Core.Test\VSPC.Core.Test.csproj", "{583E266C-B773-4F74-86C0-AADAF728B652}"
EndProject
Project("{FAE04EC0-301F-11D3-BF4B-00C04F79EFBC}") = "VSPC.SimInterface", "VSPC.SimInterface\VSPC.SimInterface.csproj", "{E5C06FE7-DA85-4FE6-9EE0-8B30A096ABCA}"
EndProject
Project("{FAE04EC0-301F-11D3-BF4B-00C04F79EFBC}") = "VSPC.UI", "VSPC.UI\VSPC.UI.csproj", "{479D9B10-EE94-4E68-9B07-B2350613FBC8}"
EndProject
Project("{FAE04EC0-301F-11D3-BF4B-00C04F79EFBC}") = "VSPC.FSD", "VSPC.FSD\VSPC.FSD.csproj", "{5E40140E-B0ED-4975-9EF4-E21C3AB177A4}"
EndProject
Project("{FAE04EC0-301F-11D3-BF4B-00C04F79EFBC}") = "VSPC.Loader", "VSPC.Loader\VSPC.Loader.csproj", "{6721BC11-BC58-411C-94AF-21E56B48BD45}"
EndProject
Project("{FAE04EC0-301F-11D3-BF4B-00C04F79EFBC}") = "VSPC.UI.WPF", "VSPC.UI.WPF\VSPC.UI.WPF.csproj", "{BE3CC1BB-D4EE-42F3-89CA-2F6AA0203D0B}"
EndProject
Project("{FAE04EC0-301F-11D3-BF4B-00C04F79EFBC}") = "VSPC.UI.Developer", "VSPC.UI.Developer\VSPC.UI.Developer.csproj", "{CB09883D-B4F1-4C75-9056-4A926FB7056D}"
EndProject
Project("{FAE04EC0-301F-11D3-BF4B-00C04F79EFBC}") = "SimMathTest", "SimMathTest\SimMathTest.csproj", "{0DEDDD87-873C-4957-A549-496E76AB1E65}"
EndProject
Project("{FAE04EC0-301F-11D3-BF4B-00C04F79EFBC}") = "VSPC.Common", "VSPC.Common\VSPC.Common.csproj", "{4A9A5A81-2BB4-4E13-899D-D07C8AC4F278}"
EndProject
Global
	GlobalSection(SolutionConfigurationPlatforms) = preSolution
		Debug|Any CPU = Debug|Any CPU
		Debug|Mixed Platforms = Debug|Mixed Platforms
		Debug|x86 = Debug|x86
		Release|Any CPU = Release|Any CPU
		Release|Mixed Platforms = Release|Mixed Platforms
		Release|x86 = Release|x86
	EndGlobalSection
	GlobalSection(ProjectConfigurationPlatforms) = postSolution
		{0850F789-0671-4C7A-BF77-99197DAC1979}.Debug|Any CPU.ActiveCfg = Debug|Any CPU
		{0850F789-0671-4C7A-BF77-99197DAC1979}.Debug|Any CPU.Build.0 = Debug|Any CPU
		{0850F789-0671-4C7A-BF77-99197DAC1979}.Debug|Mixed Platforms.ActiveCfg = Debug|x86
		{0850F789-0671-4C7A-BF77-99197DAC1979}.Debug|Mixed Platforms.Build.0 = Debug|x86
		{0850F789-0671-4C7A-BF77-99197DAC1979}.Debug|x86.ActiveCfg = Debug|x86
		{0850F789-0671-4C7A-BF77-99197DAC1979}.Debug|x86.Build.0 = Debug|x86
		{0850F789-0671-4C7A-BF77-99197DAC1979}.Release|Any CPU.ActiveCfg = Release|Any CPU
		{0850F789-0671-4C7A-BF77-99197DAC1979}.Release|Any CPU.Build.0 = Release|Any CPU
		{0850F789-0671-4C7A-BF77-99197DAC1979}.Release|Mixed Platforms.ActiveCfg = Release|x86
		{0850F789-0671-4C7A-BF77-99197DAC1979}.Release|Mixed Platforms.Build.0 = Release|x86
		{0850F789-0671-4C7A-BF77-99197DAC1979}.Release|x86.ActiveCfg = Release|x86
		{0850F789-0671-4C7A-BF77-99197DAC1979}.Release|x86.Build.0 = Release|x86
		{583E266C-B773-4F74-86C0-AADAF728B652}.Debug|Any CPU.ActiveCfg = Debug|Any CPU
		{583E266C-B773-4F74-86C0-AADAF728B652}.Debug|Any CPU.Build.0 = Debug|Any CPU
		{583E266C-B773-4F74-86C0-AADAF728B652}.Debug|Mixed Platforms.ActiveCfg = Debug|x86
		{583E266C-B773-4F74-86C0-AADAF728B652}.Debug|Mixed Platforms.Build.0 = Debug|x86
		{583E266C-B773-4F74-86C0-AADAF728B652}.Debug|x86.ActiveCfg = Debug|x86
		{583E266C-B773-4F74-86C0-AADAF728B652}.Debug|x86.Build.0 = Debug|x86
		{583E266C-B773-4F74-86C0-AADAF728B652}.Release|Any CPU.ActiveCfg = Release|Any CPU
		{583E266C-B773-4F74-86C0-AADAF728B652}.Release|Any CPU.Build.0 = Release|Any CPU
		{583E266C-B773-4F74-86C0-AADAF728B652}.Release|Mixed Platforms.ActiveCfg = Release|x86
		{583E266C-B773-4F74-86C0-AADAF728B652}.Release|Mixed Platforms.Build.0 = Release|x86
		{583E266C-B773-4F74-86C0-AADAF728B652}.Release|x86.ActiveCfg = Release|x86
		{583E266C-B773-4F74-86C0-AADAF728B652}.Release|x86.Build.0 = Release|x86
		{E5C06FE7-DA85-4FE6-9EE0-8B30A096ABCA}.Debug|Any CPU.ActiveCfg = Debug|Any CPU
		{E5C06FE7-DA85-4FE6-9EE0-8B30A096ABCA}.Debug|Any CPU.Build.0 = Debug|Any CPU
		{E5C06FE7-DA85-4FE6-9EE0-8B30A096ABCA}.Debug|Mixed Platforms.ActiveCfg = Debug|x86
		{E5C06FE7-DA85-4FE6-9EE0-8B30A096ABCA}.Debug|Mixed Platforms.Build.0 = Debug|x86
		{E5C06FE7-DA85-4FE6-9EE0-8B30A096ABCA}.Debug|x86.ActiveCfg = Debug|x86
		{E5C06FE7-DA85-4FE6-9EE0-8B30A096ABCA}.Debug|x86.Build.0 = Debug|x86
		{E5C06FE7-DA85-4FE6-9EE0-8B30A096ABCA}.Release|Any CPU.ActiveCfg = Release|Any CPU
		{E5C06FE7-DA85-4FE6-9EE0-8B30A096ABCA}.Release|Any CPU.Build.0 = Release|Any CPU
		{E5C06FE7-DA85-4FE6-9EE0-8B30A096ABCA}.Release|Mixed Platforms.ActiveCfg = Release|x86
		{E5C06FE7-DA85-4FE6-9EE0-8B30A096ABCA}.Release|Mixed Platforms.Build.0 = Release|x86
		{E5C06FE7-DA85-4FE6-9EE0-8B30A096ABCA}.Release|x86.ActiveCfg = Release|x86
		{E5C06FE7-DA85-4FE6-9EE0-8B30A096ABCA}.Release|x86.Build.0 = Release|x86
		{479D9B10-EE94-4E68-9B07-B2350613FBC8}.Debug|Any CPU.ActiveCfg = Debug|x86
		{479D9B10-EE94-4E68-9B07-B2350613FBC8}.Debug|Mixed Platforms.ActiveCfg = Debug|x86
		{479D9B10-EE94-4E68-9B07-B2350613FBC8}.Debug|Mixed Platforms.Build.0 = Debug|x86
		{479D9B10-EE94-4E68-9B07-B2350613FBC8}.Debug|x86.ActiveCfg = Debug|x86
		{479D9B10-EE94-4E68-9B07-B2350613FBC8}.Debug|x86.Build.0 = Debug|x86
		{479D9B10-EE94-4E68-9B07-B2350613FBC8}.Release|Any CPU.ActiveCfg = Release|x86
		{479D9B10-EE94-4E68-9B07-B2350613FBC8}.Release|Mixed Platforms.ActiveCfg = Release|x86
		{479D9B10-EE94-4E68-9B07-B2350613FBC8}.Release|Mixed Platforms.Build.0 = Release|x86
		{479D9B10-EE94-4E68-9B07-B2350613FBC8}.Release|x86.ActiveCfg = Release|x86
		{479D9B10-EE94-4E68-9B07-B2350613FBC8}.Release|x86.Build.0 = Release|x86
		{5E40140E-B0ED-4975-9EF4-E21C3AB177A4}.Debug|Any CPU.ActiveCfg = Debug|Any CPU
		{5E40140E-B0ED-4975-9EF4-E21C3AB177A4}.Debug|Any CPU.Build.0 = Debug|Any CPU
		{5E40140E-B0ED-4975-9EF4-E21C3AB177A4}.Debug|Mixed Platforms.ActiveCfg = Debug|x86
		{5E40140E-B0ED-4975-9EF4-E21C3AB177A4}.Debug|Mixed Platforms.Build.0 = Debug|x86
		{5E40140E-B0ED-4975-9EF4-E21C3AB177A4}.Debug|x86.ActiveCfg = Debug|x86
		{5E40140E-B0ED-4975-9EF4-E21C3AB177A4}.Debug|x86.Build.0 = Debug|x86
		{5E40140E-B0ED-4975-9EF4-E21C3AB177A4}.Release|Any CPU.ActiveCfg = Release|Any CPU
		{5E40140E-B0ED-4975-9EF4-E21C3AB177A4}.Release|Any CPU.Build.0 = Release|Any CPU
		{5E40140E-B0ED-4975-9EF4-E21C3AB177A4}.Release|Mixed Platforms.ActiveCfg = Release|Any CPU
		{5E40140E-B0ED-4975-9EF4-E21C3AB177A4}.Release|Mixed Platforms.Build.0 = Release|Any CPU
		{5E40140E-B0ED-4975-9EF4-E21C3AB177A4}.Release|x86.ActiveCfg = Release|x86
		{5E40140E-B0ED-4975-9EF4-E21C3AB177A4}.Release|x86.Build.0 = Release|x86
		{6721BC11-BC58-411C-94AF-21E56B48BD45}.Debug|Any CPU.ActiveCfg = Debug|x86
		{6721BC11-BC58-411C-94AF-21E56B48BD45}.Debug|Mixed Platforms.ActiveCfg = Debug|x86
		{6721BC11-BC58-411C-94AF-21E56B48BD45}.Debug|Mixed Platforms.Build.0 = Debug|x86
		{6721BC11-BC58-411C-94AF-21E56B48BD45}.Debug|x86.ActiveCfg = Debug|x86
		{6721BC11-BC58-411C-94AF-21E56B48BD45}.Debug|x86.Build.0 = Debug|x86
		{6721BC11-BC58-411C-94AF-21E56B48BD45}.Release|Any CPU.ActiveCfg = Release|x86
		{6721BC11-BC58-411C-94AF-21E56B48BD45}.Release|Mixed Platforms.ActiveCfg = Release|x86
		{6721BC11-BC58-411C-94AF-21E56B48BD45}.Release|Mixed Platforms.Build.0 = Release|x86
		{6721BC11-BC58-411C-94AF-21E56B48BD45}.Release|x86.ActiveCfg = Release|x86
		{6721BC11-BC58-411C-94AF-21E56B48BD45}.Release|x86.Build.0 = Release|x86
		{BE3CC1BB-D4EE-42F3-89CA-2F6AA0203D0B}.Debug|Any CPU.ActiveCfg = Debug|Any CPU
		{BE3CC1BB-D4EE-42F3-89CA-2F6AA0203D0B}.Debug|Any CPU.Build.0 = Debug|Any CPU
		{BE3CC1BB-D4EE-42F3-89CA-2F6AA0203D0B}.Debug|Mixed Platforms.ActiveCfg = Debug|Any CPU
		{BE3CC1BB-D4EE-42F3-89CA-2F6AA0203D0B}.Debug|Mixed Platforms.Build.0 = Debug|Any CPU
		{BE3CC1BB-D4EE-42F3-89CA-2F6AA0203D0B}.Debug|x86.ActiveCfg = Debug|x86
		{BE3CC1BB-D4EE-42F3-89CA-2F6AA0203D0B}.Debug|x86.Build.0 = Debug|x86
		{BE3CC1BB-D4EE-42F3-89CA-2F6AA0203D0B}.Release|Any CPU.ActiveCfg = Release|Any CPU
		{BE3CC1BB-D4EE-42F3-89CA-2F6AA0203D0B}.Release|Any CPU.Build.0 = Release|Any CPU
		{BE3CC1BB-D4EE-42F3-89CA-2F6AA0203D0B}.Release|Mixed Platforms.ActiveCfg = Release|Any CPU
		{BE3CC1BB-D4EE-42F3-89CA-2F6AA0203D0B}.Release|Mixed Platforms.Build.0 = Release|Any CPU
		{BE3CC1BB-D4EE-42F3-89CA-2F6AA0203D0B}.Release|x86.ActiveCfg = Release|x86
		{BE3CC1BB-D4EE-42F3-89CA-2F6AA0203D0B}.Release|x86.Build.0 = Release|x86
		{CB09883D-B4F1-4C75-9056-4A926FB7056D}.Debug|Any CPU.ActiveCfg = Debug|Any CPU
		{CB09883D-B4F1-4C75-9056-4A926FB7056D}.Debug|Any CPU.Build.0 = Debug|Any CPU
		{CB09883D-B4F1-4C75-9056-4A926FB7056D}.Debug|Mixed Platforms.ActiveCfg = Debug|Any CPU
		{CB09883D-B4F1-4C75-9056-4A926FB7056D}.Debug|Mixed Platforms.Build.0 = Debug|Any CPU
		{CB09883D-B4F1-4C75-9056-4A926FB7056D}.Debug|x86.ActiveCfg = Debug|x86
		{CB09883D-B4F1-4C75-9056-4A926FB7056D}.Debug|x86.Build.0 = Debug|x86
		{CB09883D-B4F1-4C75-9056-4A926FB7056D}.Release|Any CPU.ActiveCfg = Release|Any CPU
		{CB09883D-B4F1-4C75-9056-4A926FB7056D}.Release|Any CPU.Build.0 = Release|Any CPU
		{CB09883D-B4F1-4C75-9056-4A926FB7056D}.Release|Mixed Platforms.ActiveCfg = Release|Any CPU
		{CB09883D-B4F1-4C75-9056-4A926FB7056D}.Release|Mixed Platforms.Build.0 = Release|Any CPU
		{CB09883D-B4F1-4C75-9056-4A926FB7056D}.Release|x86.ActiveCfg = Release|x86
		{CB09883D-B4F1-4C75-9056-4A926FB7056D}.Release|x86.Build.0 = Release|x86
		{0DEDDD87-873C-4957-A549-496E76AB1E65}.Debug|Any CPU.ActiveCfg = Debug|x86
		{0DEDDD87-873C-4957-A549-496E76AB1E65}.Debug|Mixed Platforms.ActiveCfg = Debug|x86
		{0DEDDD87-873C-4957-A549-496E76AB1E65}.Debug|Mixed Platforms.Build.0 = Debug|x86
		{0DEDDD87-873C-4957-A549-496E76AB1E65}.Debug|x86.ActiveCfg = Debug|x86
		{0DEDDD87-873C-4957-A549-496E76AB1E65}.Debug|x86.Build.0 = Debug|x86
		{0DEDDD87-873C-4957-A549-496E76AB1E65}.Release|Any CPU.ActiveCfg = Release|x86
		{0DEDDD87-873C-4957-A549-496E76AB1E65}.Release|Mixed Platforms.ActiveCfg = Release|x86
		{0DEDDD87-873C-4957-A549-496E76AB1E65}.Release|Mixed Platforms.Build.0 = Release|x86
		{0DEDDD87-873C-4957-A549-496E76AB1E65}.Release|x86.ActiveCfg = Release|x86
		{0DEDDD87-873C-4957-A549-496E76AB1E65}.Release|x86.Build.0 = Release|x86
		{4A9A5A81-2BB4-4E13-899D-D07C8AC4F278}.Debug|Any CPU.ActiveCfg = Debug|Any CPU
		{4A9A5A81-2BB4-4E13-899D-D07C8AC4F278}.Debug|Any CPU.Build.0 = Debug|Any CPU
		{4A9A5A81-2BB4-4E13-899D-D07C8AC4F278}.Debug|Mixed Platforms.ActiveCfg = Debug|Any CPU
		{4A9A5A81-2BB4-4E13-899D-D07C8AC4F278}.Debug|Mixed Platforms.Build.0 = Debug|Any CPU
		{4A9A5A81-2BB4-4E13-899D-D07C8AC4F278}.Debug|x86.ActiveCfg = Debug|x86
		{4A9A5A81-2BB4-4E13-899D-D07C8AC4F278}.Debug|x86.Build.0 = Debug|x86
		{4A9A5A81-2BB4-4E13-899D-D07C8AC4F278}.Release|Any CPU.ActiveCfg = Release|Any CPU
		{4A9A5A81-2BB4-4E13-899D-D07C8AC4F278}.Release|Any CPU.Build.0 = Release|Any CPU
		{4A9A5A81-2BB4-4E13-899D-D07C8AC4F278}.Release|Mixed Platforms.ActiveCfg = Release|Any CPU
		{4A9A5A81-2BB4-4E13-899D-D07C8AC4F278}.Release|Mixed Platforms.Build.0 = Release|Any CPU
		{4A9A5A81-2BB4-4E13-899D-D07C8AC4F278}.Release|x86.ActiveCfg = Release|x86
		{4A9A5A81-2BB4-4E13-899D-D07C8AC4F278}.Release|x86.Build.0 = Release|x86
	EndGlobalSection
	GlobalSection(SolutionProperties) = preSolution
		HideSolutionNode = FALSE
	EndGlobalSection
EndGlobal
